
Microsoft Visual Studio Solution File, Format Version 12.00
# Visual Studio 15
VisualStudioVersion = 15.0.27703.2018
MinimumVisualStudioVersion = 10.0.40219.1
Project("{9A19103F-16F7-4668-BE54-9A1E7A4F7556}") = "VideoChatWebApp", "VideoChatWebApp\VideoChatWebApp.csproj", "{21087402-4EC5-4EB9-8129-3464277578EC}"
EndProject
Project("{9A19103F-16F7-4668-BE54-9A1E7A4F7556}") = "DAL", "DAL\DAL.csproj", "{882A6CFC-123E-4EB3-9E2D-C701F14769F3}"
EndProject
Project("{9A19103F-16F7-4668-BE54-9A1E7A4F7556}") = "Models", "Models\Models.csproj", "{ACC9F692-DBF3-4BE8-AE89-5983836FD629}"
EndProject
Project("{9A19103F-16F7-4668-BE54-9A1E7A4F7556}") = "Bootstrapper", "Bootstrapper\Bootstrapper.csproj", "{75824A60-45BA-44F7-B911-3F2478D4EB9D}"
EndProject
Project("{9A19103F-16F7-4668-BE54-9A1E7A4F7556}") = "ServiceLayer", "ServiceLayer\ServiceLayer.csproj", "{205E6A6B-51E0-4C0D-A0B8-E85CC354A527}"
EndProject
Project("{9A19103F-16F7-4668-BE54-9A1E7A4F7556}") = "DAL.Interfaces", "DAL.Interfaces\DAL.Interfaces.csproj", "{2E08DC9E-B67F-4771-A177-BDCBE76D5E0A}"
EndProject
Project("{9A19103F-16F7-4668-BE54-9A1E7A4F7556}") = "ServiceLayer.Interfaces", "ServiceLayer.Interfaces\ServiceLayer.Interfaces.csproj", "{F5055837-4555-43FE-ACEE-8FD4EC1236F3}"
EndProject
Project("{2150E333-8FDC-42A3-9474-1A3956D46DE8}") = "Tests", "Tests", "{F1F8F66D-4F86-44E7-A0FC-8F2669B28A88}"
EndProject
Project("{FAE04EC0-301F-11D3-BF4B-00C04F79EFBC}") = "ServiceLayerTests", "ServiceLayerTests\ServiceLayerTests.csproj", "{FDE93241-D67E-45B3-B2ED-D7A08ED37208}"
EndProject
Project("{FAE04EC0-301F-11D3-BF4B-00C04F79EFBC}") = "Common", "Common\Common.csproj", "{2C252F93-AA99-4171-BA3B-9E01BC38B733}"
EndProject
Global
	GlobalSection(SolutionConfigurationPlatforms) = preSolution
		Debug|Any CPU = Debug|Any CPU
		Release|Any CPU = Release|Any CPU
	EndGlobalSection
	GlobalSection(ProjectConfigurationPlatforms) = postSolution
		{21087402-4EC5-4EB9-8129-3464277578EC}.Debug|Any CPU.ActiveCfg = Debug|Any CPU
		{21087402-4EC5-4EB9-8129-3464277578EC}.Debug|Any CPU.Build.0 = Debug|Any CPU
		{21087402-4EC5-4EB9-8129-3464277578EC}.Release|Any CPU.ActiveCfg = Release|Any CPU
		{21087402-4EC5-4EB9-8129-3464277578EC}.Release|Any CPU.Build.0 = Release|Any CPU
		{882A6CFC-123E-4EB3-9E2D-C701F14769F3}.Debug|Any CPU.ActiveCfg = Debug|Any CPU
		{882A6CFC-123E-4EB3-9E2D-C701F14769F3}.Debug|Any CPU.Build.0 = Debug|Any CPU
		{882A6CFC-123E-4EB3-9E2D-C701F14769F3}.Release|Any CPU.ActiveCfg = Release|Any CPU
		{882A6CFC-123E-4EB3-9E2D-C701F14769F3}.Release|Any CPU.Build.0 = Release|Any CPU
		{ACC9F692-DBF3-4BE8-AE89-5983836FD629}.Debug|Any CPU.ActiveCfg = Debug|Any CPU
		{ACC9F692-DBF3-4BE8-AE89-5983836FD629}.Debug|Any CPU.Build.0 = Debug|Any CPU
		{ACC9F692-DBF3-4BE8-AE89-5983836FD629}.Release|Any CPU.ActiveCfg = Release|Any CPU
		{ACC9F692-DBF3-4BE8-AE89-5983836FD629}.Release|Any CPU.Build.0 = Release|Any CPU
		{75824A60-45BA-44F7-B911-3F2478D4EB9D}.Debug|Any CPU.ActiveCfg = Debug|Any CPU
		{75824A60-45BA-44F7-B911-3F2478D4EB9D}.Debug|Any CPU.Build.0 = Debug|Any CPU
		{75824A60-45BA-44F7-B911-3F2478D4EB9D}.Release|Any CPU.ActiveCfg = Release|Any CPU
		{75824A60-45BA-44F7-B911-3F2478D4EB9D}.Release|Any CPU.Build.0 = Release|Any CPU
		{205E6A6B-51E0-4C0D-A0B8-E85CC354A527}.Debug|Any CPU.ActiveCfg = Debug|Any CPU
		{205E6A6B-51E0-4C0D-A0B8-E85CC354A527}.Debug|Any CPU.Build.0 = Debug|Any CPU
		{205E6A6B-51E0-4C0D-A0B8-E85CC354A527}.Release|Any CPU.ActiveCfg = Release|Any CPU
		{205E6A6B-51E0-4C0D-A0B8-E85CC354A527}.Release|Any CPU.Build.0 = Release|Any CPU
		{2E08DC9E-B67F-4771-A177-BDCBE76D5E0A}.Debug|Any CPU.ActiveCfg = Debug|Any CPU
		{2E08DC9E-B67F-4771-A177-BDCBE76D5E0A}.Debug|Any CPU.Build.0 = Debug|Any CPU
		{2E08DC9E-B67F-4771-A177-BDCBE76D5E0A}.Release|Any CPU.ActiveCfg = Release|Any CPU
		{2E08DC9E-B67F-4771-A177-BDCBE76D5E0A}.Release|Any CPU.Build.0 = Release|Any CPU
		{F5055837-4555-43FE-ACEE-8FD4EC1236F3}.Debug|Any CPU.ActiveCfg = Debug|Any CPU
		{F5055837-4555-43FE-ACEE-8FD4EC1236F3}.Debug|Any CPU.Build.0 = Debug|Any CPU
		{F5055837-4555-43FE-ACEE-8FD4EC1236F3}.Release|Any CPU.ActiveCfg = Release|Any CPU
		{F5055837-4555-43FE-ACEE-8FD4EC1236F3}.Release|Any CPU.Build.0 = Release|Any CPU
		{FDE93241-D67E-45B3-B2ED-D7A08ED37208}.Debug|Any CPU.ActiveCfg = Debug|Any CPU
		{FDE93241-D67E-45B3-B2ED-D7A08ED37208}.Debug|Any CPU.Build.0 = Debug|Any CPU
		{FDE93241-D67E-45B3-B2ED-D7A08ED37208}.Release|Any CPU.ActiveCfg = Release|Any CPU
		{FDE93241-D67E-45B3-B2ED-D7A08ED37208}.Release|Any CPU.Build.0 = Release|Any CPU
		{2C252F93-AA99-4171-BA3B-9E01BC38B733}.Debug|Any CPU.ActiveCfg = Debug|Any CPU
		{2C252F93-AA99-4171-BA3B-9E01BC38B733}.Debug|Any CPU.Build.0 = Debug|Any CPU
		{2C252F93-AA99-4171-BA3B-9E01BC38B733}.Release|Any CPU.ActiveCfg = Release|Any CPU
		{2C252F93-AA99-4171-BA3B-9E01BC38B733}.Release|Any CPU.Build.0 = Release|Any CPU
	EndGlobalSection
	GlobalSection(SolutionProperties) = preSolution
		HideSolutionNode = FALSE
	EndGlobalSection
	GlobalSection(NestedProjects) = preSolution
		{FDE93241-D67E-45B3-B2ED-D7A08ED37208} = {F1F8F66D-4F86-44E7-A0FC-8F2669B28A88}
	EndGlobalSection
	GlobalSection(ExtensibilityGlobals) = postSolution
		SolutionGuid = {6DF6E4A3-D88B-43E8-A043-C49F4A6939FF}
	EndGlobalSection
EndGlobal
